
Microsoft Visual Studio Solution File, Format Version 12.00
# Visual Studio Version 16
VisualStudioVersion = 16.0.30204.135
MinimumVisualStudioVersion = 10.0.40219.1
Project("{9A19103F-16F7-4668-BE54-9A1E7A4F7556}") = "ValueObjects", "DateWihtoutTime\ValueObjects.csproj", "{E2C2C6DA-A47F-47A9-B8D1-1CDE4E72029E}"
EndProject
Project("{FAE04EC0-301F-11D3-BF4B-00C04F79EFBC}") = "ValueObjects.Tests", "DateWithoutTime.Tests\ValueObjects.Tests.csproj", "{A7B42A16-3A12-409A-A7E3-0122AF7B29A9}"
EndProject
Global
	GlobalSection(SolutionConfigurationPlatforms) = preSolution
		Debug|Any CPU = Debug|Any CPU
		Release|Any CPU = Release|Any CPU
	EndGlobalSection
	GlobalSection(ProjectConfigurationPlatforms) = postSolution
		{E2C2C6DA-A47F-47A9-B8D1-1CDE4E72029E}.Debug|Any CPU.ActiveCfg = Debug|Any CPU
		{E2C2C6DA-A47F-47A9-B8D1-1CDE4E72029E}.Debug|Any CPU.Build.0 = Debug|Any CPU
		{E2C2C6DA-A47F-47A9-B8D1-1CDE4E72029E}.Release|Any CPU.ActiveCfg = Release|Any CPU
		{E2C2C6DA-A47F-47A9-B8D1-1CDE4E72029E}.Release|Any CPU.Build.0 = Release|Any CPU
		{A7B42A16-3A12-409A-A7E3-0122AF7B29A9}.Debug|Any CPU.ActiveCfg = Debug|Any CPU
		{A7B42A16-3A12-409A-A7E3-0122AF7B29A9}.Debug|Any CPU.Build.0 = Debug|Any CPU
		{A7B42A16-3A12-409A-A7E3-0122AF7B29A9}.Release|Any CPU.ActiveCfg = Release|Any CPU
		{A7B42A16-3A12-409A-A7E3-0122AF7B29A9}.Release|Any CPU.Build.0 = Release|Any CPU
	EndGlobalSection
	GlobalSection(SolutionProperties) = preSolution
		HideSolutionNode = FALSE
	EndGlobalSection
	GlobalSection(ExtensibilityGlobals) = postSolution
		SolutionGuid = {756E9560-0636-4A29-9480-E7169A261470}
	EndGlobalSection
EndGlobal
